
Microsoft Visual Studio Solution File, Format Version 12.00
# Visual Studio 2013
VisualStudioVersion = 12.0.31101.0
MinimumVisualStudioVersion = 10.0.40219.1
Project("{FAE04EC0-301F-11D3-BF4B-00C04F79EFBC}") = "UmgBeta", "UmgBeta.csproj", "{3C50E73F-4C5D-44C8-A3D4-DF767E90E92B}"
EndProject
Project("{E24C65DC-7377-472B-9ABA-BC803B73C61A}") = "UmgBeta.Client(1)", "http://localhost:2529", "{945A0C69-DB8F-4336-8D68-DD6AF9FA887A}"
	ProjectSection(WebsiteProperties) = preProject
		UseIISExpress = "true"
		TargetFrameworkMoniker = ".NETFramework,Version%3Dv4.5"
		Debug.AspNetCompiler.VirtualPath = "/localhost_2529"
		Debug.AspNetCompiler.PhysicalPath = "UmgBeta.Client\"
		Debug.AspNetCompiler.TargetPath = "PrecompiledWeb\localhost_2529\"
		Debug.AspNetCompiler.Updateable = "true"
		Debug.AspNetCompiler.ForceOverwrite = "true"
		Debug.AspNetCompiler.FixedNames = "false"
		Debug.AspNetCompiler.Debug = "True"
		Release.AspNetCompiler.VirtualPath = "/localhost_2529"
		Release.AspNetCompiler.PhysicalPath = "UmgBeta.Client\"
		Release.AspNetCompiler.TargetPath = "PrecompiledWeb\localhost_2529\"
		Release.AspNetCompiler.Updateable = "true"
		Release.AspNetCompiler.ForceOverwrite = "true"
		Release.AspNetCompiler.FixedNames = "false"
		Release.AspNetCompiler.Debug = "False"
		SlnRelativePath = "UmgBeta.Client\"
	EndProjectSection
EndProject
Global
	GlobalSection(SolutionConfigurationPlatforms) = preSolution
		Debug|Any CPU = Debug|Any CPU
		Release|Any CPU = Release|Any CPU
	EndGlobalSection
	GlobalSection(ProjectConfigurationPlatforms) = postSolution
		{3C50E73F-4C5D-44C8-A3D4-DF767E90E92B}.Debug|Any CPU.ActiveCfg = Debug|Any CPU
		{3C50E73F-4C5D-44C8-A3D4-DF767E90E92B}.Debug|Any CPU.Build.0 = Debug|Any CPU
		{3C50E73F-4C5D-44C8-A3D4-DF767E90E92B}.Release|Any CPU.ActiveCfg = Release|Any CPU
		{3C50E73F-4C5D-44C8-A3D4-DF767E90E92B}.Release|Any CPU.Build.0 = Release|Any CPU
		{945A0C69-DB8F-4336-8D68-DD6AF9FA887A}.Debug|Any CPU.ActiveCfg = Debug|Any CPU
		{945A0C69-DB8F-4336-8D68-DD6AF9FA887A}.Debug|Any CPU.Build.0 = Debug|Any CPU
		{945A0C69-DB8F-4336-8D68-DD6AF9FA887A}.Release|Any CPU.ActiveCfg = Debug|Any CPU
		{945A0C69-DB8F-4336-8D68-DD6AF9FA887A}.Release|Any CPU.Build.0 = Debug|Any CPU
	EndGlobalSection
	GlobalSection(SolutionProperties) = preSolution
		HideSolutionNode = FALSE
	EndGlobalSection
EndGlobal
